
Microsoft Visual Studio Solution File, Format Version 12.00
# Visual Studio Version 17
VisualStudioVersion = 17.11.35312.102
MinimumVisualStudioVersion = 10.0.40219.1
Project("{9A19103F-16F7-4668-BE54-9A1E7A4F7556}") = "GestionBiometrica", "GestionBiometrica\GestionBiometrica.csproj", "{FE128B95-1CCE-45E3-817F-593C8F22E7E2}"
EndProject
Global
	GlobalSection(SolutionConfigurationPlatforms) = preSolution
		Debug|Any CPU = Debug|Any CPU
		Release|Any CPU = Release|Any CPU
	EndGlobalSection
	GlobalSection(ProjectConfigurationPlatforms) = postSolution
		{FE128B95-1CCE-45E3-817F-593C8F22E7E2}.Debug|Any CPU.ActiveCfg = Debug|Any CPU
		{FE128B95-1CCE-45E3-817F-593C8F22E7E2}.Debug|Any CPU.Build.0 = Debug|Any CPU
		{FE128B95-1CCE-45E3-817F-593C8F22E7E2}.Release|Any CPU.ActiveCfg = Release|Any CPU
		{FE128B95-1CCE-45E3-817F-593C8F22E7E2}.Release|Any CPU.Build.0 = Release|Any CPU
	EndGlobalSection
	GlobalSection(SolutionProperties) = preSolution
		HideSolutionNode = FALSE
	EndGlobalSection
	GlobalSection(ExtensibilityGlobals) = postSolution
		SolutionGuid = {E02D91D9-D5AE-476E-9327-5B62A99EFC2A}
	EndGlobalSection
EndGlobal
